
Microsoft Visual Studio Solution File, Format Version 12.00
# Visual Studio Version 16
VisualStudioVersion = 16.0.30503.244
MinimumVisualStudioVersion = 10.0.40219.1
Project("{8BC9CEB8-8B4A-11D0-8D11-00A0C91BC942}") = "DSA-LAB02", "DSA-LAB02.vcxproj", "{116BC5B9-34EF-4C11-883F-C6F4717249F6}"
EndProject
Global
	GlobalSection(SolutionConfigurationPlatforms) = preSolution
		Debug|x64 = Debug|x64
		Debug|x86 = Debug|x86
		Release|x64 = Release|x64
		Release|x86 = Release|x86
	EndGlobalSection
	GlobalSection(ProjectConfigurationPlatforms) = postSolution
		{116BC5B9-34EF-4C11-883F-C6F4717249F6}.Debug|x64.ActiveCfg = Debug|x64
		{116BC5B9-34EF-4C11-883F-C6F4717249F6}.Debug|x64.Build.0 = Debug|x64
		{116BC5B9-34EF-4C11-883F-C6F4717249F6}.Debug|x86.ActiveCfg = Debug|Win32
		{116BC5B9-34EF-4C11-883F-C6F4717249F6}.Debug|x86.Build.0 = Debug|Win32
		{116BC5B9-34EF-4C11-883F-C6F4717249F6}.Release|x64.ActiveCfg = Release|x64
		{116BC5B9-34EF-4C11-883F-C6F4717249F6}.Release|x64.Build.0 = Release|x64
		{116BC5B9-34EF-4C11-883F-C6F4717249F6}.Release|x86.ActiveCfg = Release|Win32
		{116BC5B9-34EF-4C11-883F-C6F4717249F6}.Release|x86.Build.0 = Release|Win32
	EndGlobalSection
	GlobalSection(SolutionProperties) = preSolution
		HideSolutionNode = FALSE
	EndGlobalSection
	GlobalSection(ExtensibilityGlobals) = postSolution
		SolutionGuid = {8E11A8AF-1964-43F0-BC3F-2693EEA1C2DF}
	EndGlobalSection
EndGlobal
